// !$*UTF8*$!
{
	archiveVersion = 1;
	classes = {
	};
	objectVersion = 50;
	objects = {

/* Begin PBXBuildFile section */
		745527D321B4C450007C2215 /* CoreLocation.framework in Frameworks */ = {isa = PBXBuildFile; fileRef = 745527D221B4C450007C2215 /* CoreLocation.framework */; };
		745527D521B57EDF007C2215 /* LocationManager.swift in Sources */ = {isa = PBXBuildFile; fileRef = 745527D421B57EDF007C2215 /* LocationManager.swift */; };
		747F711821ADA5F000E1BE73 /* TableViewCell.swift in Sources */ = {isa = PBXBuildFile; fileRef = 747F711721ADA5EF00E1BE73 /* TableViewCell.swift */; };
		747F711E21B09A7F00E1BE73 /* DetailViewController.swift in Sources */ = {isa = PBXBuildFile; fileRef = 747F711D21B09A7F00E1BE73 /* DetailViewController.swift */; };
		747F712021B09B1A00E1BE73 /* DetailViewCell.swift in Sources */ = {isa = PBXBuildFile; fileRef = 747F711F21B09B1A00E1BE73 /* DetailViewCell.swift */; };
		749B724421ACE9470018C0EB /* AppDelegate.swift in Sources */ = {isa = PBXBuildFile; fileRef = 749B723F21ACE9470018C0EB /* AppDelegate.swift */; };
		749B724521ACE9470018C0EB /* TableViewController.swift in Sources */ = {isa = PBXBuildFile; fileRef = 749B724021ACE9470018C0EB /* TableViewController.swift */; };
		749B724621ACE9470018C0EB /* WeatherModel.swift in Sources */ = {isa = PBXBuildFile; fileRef = 749B724121ACE9470018C0EB /* WeatherModel.swift */; };
		749B724821ACE9470018C0EB /* Assets.xcassets in Resources */ = {isa = PBXBuildFile; fileRef = 749B724321ACE9470018C0EB /* Assets.xcassets */; };
		749B724D21ACF0960018C0EB /* LaunchScreen.storyboard in Resources */ = {isa = PBXBuildFile; fileRef = 749B724921ACF0960018C0EB /* LaunchScreen.storyboard */; };
		749B724E21ACF0960018C0EB /* Main.storyboard in Resources */ = {isa = PBXBuildFile; fileRef = 749B724B21ACF0960018C0EB /* Main.storyboard */; };
		749B725021AD73610018C0EB /* NetworkManager.swift in Sources */ = {isa = PBXBuildFile; fileRef = 749B724F21AD73610018C0EB /* NetworkManager.swift */; };
		74D67F0A21B4B46F005CFABD /* LocationViewCell.swift in Sources */ = {isa = PBXBuildFile; fileRef = 74D67F0921B4B46F005CFABD /* LocationViewCell.swift */; };
/* End PBXBuildFile section */

/* Begin PBXFileReference section */
		745527D221B4C450007C2215 /* CoreLocation.framework */ = {isa = PBXFileReference; lastKnownFileType = wrapper.framework; name = CoreLocation.framework; path = System/Library/Frameworks/CoreLocation.framework; sourceTree = SDKROOT; };
		745527D421B57EDF007C2215 /* LocationManager.swift */ = {isa = PBXFileReference; lastKnownFileType = sourcecode.swift; path = LocationManager.swift; sourceTree = "<group>"; };
		747F711721ADA5EF00E1BE73 /* TableViewCell.swift */ = {isa = PBXFileReference; lastKnownFileType = sourcecode.swift; name = TableViewCell.swift; path = /Users/admin/Desktop/DarkSkyWeather/TableViewCell.swift; sourceTree = "<absolute>"; };
		747F711D21B09A7F00E1BE73 /* DetailViewController.swift */ = {isa = PBXFileReference; lastKnownFileType = sourcecode.swift; path = DetailViewController.swift; sourceTree = "<group>"; };
		747F711F21B09B1A00E1BE73 /* DetailViewCell.swift */ = {isa = PBXFileReference; lastKnownFileType = sourcecode.swift; path = DetailViewCell.swift; sourceTree = "<group>"; };
		749B722321AC81650018C0EB /* DarkSkyWeather.app */ = {isa = PBXFileReference; explicitFileType = wrapper.application; includeInIndex = 0; path = DarkSkyWeather.app; sourceTree = BUILT_PRODUCTS_DIR; };
		749B723F21ACE9470018C0EB /* AppDelegate.swift */ = {isa = PBXFileReference; fileEncoding = 4; lastKnownFileType = sourcecode.swift; name = AppDelegate.swift; path = DarkSkyWeather/AppDelegate.swift; sourceTree = SOURCE_ROOT; };
		749B724021ACE9470018C0EB /* TableViewController.swift */ = {isa = PBXFileReference; fileEncoding = 4; lastKnownFileType = sourcecode.swift; path = TableViewController.swift; sourceTree = SOURCE_ROOT; };
		749B724121ACE9470018C0EB /* WeatherModel.swift */ = {isa = PBXFileReference; fileEncoding = 4; lastKnownFileType = sourcecode.swift; name = WeatherModel.swift; path = DarkSkyWeather/WeatherModel.swift; sourceTree = SOURCE_ROOT; };
		749B724221ACE9470018C0EB /* Info.plist */ = {isa = PBXFileReference; fileEncoding = 4; lastKnownFileType = text.plist.xml; name = Info.plist; path = DarkSkyWeather/Info.plist; sourceTree = SOURCE_ROOT; };
		749B724321ACE9470018C0EB /* Assets.xcassets */ = {isa = PBXFileReference; lastKnownFileType = folder.assetcatalog; name = Assets.xcassets; path = DarkSkyWeather/Assets.xcassets; sourceTree = SOURCE_ROOT; };
		749B724A21ACF0960018C0EB /* Base */ = {isa = PBXFileReference; lastKnownFileType = file.storyboard; name = Base; path = DarkSkyWeather/Base.lproj/LaunchScreen.storyboard; sourceTree = "<group>"; };
		749B724C21ACF0960018C0EB /* Base */ = {isa = PBXFileReference; lastKnownFileType = file.storyboard; name = Base; path = DarkSkyWeather/Base.lproj/Main.storyboard; sourceTree = "<group>"; };
		749B724F21AD73610018C0EB /* NetworkManager.swift */ = {isa = PBXFileReference; lastKnownFileType = sourcecode.swift; path = NetworkManager.swift; sourceTree = "<group>"; };
		74D67F0921B4B46F005CFABD /* LocationViewCell.swift */ = {isa = PBXFileReference; lastKnownFileType = sourcecode.swift; path = LocationViewCell.swift; sourceTree = "<group>"; };
/* End PBXFileReference section */

/* Begin PBXFrameworksBuildPhase section */
		749B722021AC81650018C0EB /* Frameworks */ = {
			isa = PBXFrameworksBuildPhase;
			buildActionMask = 2147483647;
			files = (
				745527D321B4C450007C2215 /* CoreLocation.framework in Frameworks */,
			);
			runOnlyForDeploymentPostprocessing = 0;
		};
/* End PBXFrameworksBuildPhase section */

/* Begin PBXGroup section */
		745527D121B4C450007C2215 /* Frameworks */ = {
			isa = PBXGroup;
			children = (
				745527D221B4C450007C2215 /* CoreLocation.framework */,
			);
			name = Frameworks;
			sourceTree = "<group>";
		};
		745527D621B5F3E3007C2215 /* LocationService */ = {
			isa = PBXGroup;
			children = (
				745527D421B57EDF007C2215 /* LocationManager.swift */,
			);
			name = LocationService;
			sourceTree = "<group>";
		};
		747F711921ADA67900E1BE73 /* Controller */ = {
			isa = PBXGroup;
			children = (
				747F711D21B09A7F00E1BE73 /* DetailViewController.swift */,
				749B724021ACE9470018C0EB /* TableViewController.swift */,
			);
			name = Controller;
			sourceTree = "<group>";
		};
		747F711A21ADA69600E1BE73 /* Model */ = {
			isa = PBXGroup;
			children = (
				749B724121ACE9470018C0EB /* WeatherModel.swift */,
			);
			name = Model;
			sourceTree = "<group>";
		};
		747F711B21ADA6AE00E1BE73 /* NetworkingService */ = {
			isa = PBXGroup;
			children = (
				749B724F21AD73610018C0EB /* NetworkManager.swift */,
			);
			name = NetworkingService;
			sourceTree = "<group>";
		};
		747F711C21ADA6C600E1BE73 /* View */ = {
			isa = PBXGroup;
			children = (
				747F711721ADA5EF00E1BE73 /* TableViewCell.swift */,
				747F711F21B09B1A00E1BE73 /* DetailViewCell.swift */,
				74D67F0921B4B46F005CFABD /* LocationViewCell.swift */,
			);
			name = View;
			sourceTree = "<group>";
		};
		749B721A21AC81650018C0EB = {
			isa = PBXGroup;
			children = (
				749B722521AC81650018C0EB /* DarkSkyWeather */,
				749B722421AC81650018C0EB /* Products */,
				745527D121B4C450007C2215 /* Frameworks */,
			);
			sourceTree = "<group>";
		};
		749B722421AC81650018C0EB /* Products */ = {
			isa = PBXGroup;
			children = (
				749B722321AC81650018C0EB /* DarkSkyWeather.app */,
			);
			name = Products;
			sourceTree = "<group>";
		};
		749B722521AC81650018C0EB /* DarkSkyWeather */ = {
			isa = PBXGroup;
			children = (
				747F711C21ADA6C600E1BE73 /* View */,
				747F711A21ADA69600E1BE73 /* Model */,
				747F711921ADA67900E1BE73 /* Controller */,
				747F711B21ADA6AE00E1BE73 /* NetworkingService */,
				745527D621B5F3E3007C2215 /* LocationService */,
				749B724321ACE9470018C0EB /* Assets.xcassets */,
				749B725121AD76CA0018C0EB /* Application */,
			);
			name = DarkSkyWeather;
			sourceTree = "<group>";
		};
		749B725121AD76CA0018C0EB /* Application */ = {
			isa = PBXGroup;
			children = (
				749B724221ACE9470018C0EB /* Info.plist */,
				749B723F21ACE9470018C0EB /* AppDelegate.swift */,
				749B724921ACF0960018C0EB /* LaunchScreen.storyboard */,
				749B724B21ACF0960018C0EB /* Main.storyboard */,
			);
			name = Application;
			sourceTree = "<group>";
		};
/* End PBXGroup section */

/* Begin PBXNativeTarget section */
		749B722221AC81650018C0EB /* DarkSkyWeather */ = {
			isa = PBXNativeTarget;
			buildConfigurationList = 749B723821AC81690018C0EB /* Build configuration list for PBXNativeTarget "DarkSkyWeather" */;
			buildPhases = (
				749B721F21AC81650018C0EB /* Sources */,
				749B722021AC81650018C0EB /* Frameworks */,
				749B722121AC81650018C0EB /* Resources */,
			);
			buildRules = (
			);
			dependencies = (
			);
			name = DarkSkyWeather;
			productName = ZachChallenge;
			productReference = 749B722321AC81650018C0EB /* DarkSkyWeather.app */;
			productType = "com.apple.product-type.application";
		};
/* End PBXNativeTarget section */

/* Begin PBXProject section */
		749B721B21AC81650018C0EB /* Project object */ = {
			isa = PBXProject;
			attributes = {
				LastSwiftUpdateCheck = 1010;
				LastUpgradeCheck = 1010;
				ORGANIZATIONNAME = MZ;
				TargetAttributes = {
					749B722221AC81650018C0EB = {
						CreatedOnToolsVersion = 10.1;
					};
				};
			};
			buildConfigurationList = 749B721E21AC81650018C0EB /* Build configuration list for PBXProject "DarkSkyWeather" */;
			compatibilityVersion = "Xcode 9.3";
			developmentRegion = en;
			hasScannedForEncodings = 0;
			knownRegions = (
				en,
				Base,
			);
			mainGroup = 749B721A21AC81650018C0EB;
			productRefGroup = 749B722421AC81650018C0EB /* Products */;
			projectDirPath = "";
			projectRoot = "";
			targets = (
				749B722221AC81650018C0EB /* DarkSkyWeather */,
			);
		};
/* End PBXProject section */

/* Begin PBXResourcesBuildPhase section */
		749B722121AC81650018C0EB /* Resources */ = {
			isa = PBXResourcesBuildPhase;
			buildActionMask = 2147483647;
			files = (
				749B724E21ACF0960018C0EB /* Main.storyboard in Resources */,
				749B724D21ACF0960018C0EB /* LaunchScreen.storyboard in Resources */,
				749B724821ACE9470018C0EB /* Assets.xcassets in Resources */,
			);
			runOnlyForDeploymentPostprocessing = 0;
		};
/* End PBXResourcesBuildPhase section */

/* Begin PBXSourcesBuildPhase section */
		749B721F21AC81650018C0EB /* Sources */ = {
			isa = PBXSourcesBuildPhase;
			buildActionMask = 2147483647;
			files = (
				747F711821ADA5F000E1BE73 /* TableViewCell.swift in Sources */,
				749B724421ACE9470018C0EB /* AppDelegate.swift in Sources */,
				747F712021B09B1A00E1BE73 /* DetailViewCell.swift in Sources */,
				749B724621ACE9470018C0EB /* WeatherModel.swift in Sources */,
				747F711E21B09A7F00E1BE73 /* DetailViewController.swift in Sources */,
				74D67F0A21B4B46F005CFABD /* LocationViewCell.swift in Sources */,
				749B725021AD73610018C0EB /* NetworkManager.swift in Sources */,
				749B724521ACE9470018C0EB /* TableViewController.swift in Sources */,
				745527D521B57EDF007C2215 /* LocationManager.swift in Sources */,
			);
			runOnlyForDeploymentPostprocessing = 0;
		};
/* End PBXSourcesBuildPhase section */

/* Begin PBXVariantGroup section */
		749B724921ACF0960018C0EB /* LaunchScreen.storyboard */ = {
			isa = PBXVariantGroup;
			children = (
				749B724A21ACF0960018C0EB /* Base */,
			);
			name = LaunchScreen.storyboard;
			sourceTree = "<group>";
		};
		749B724B21ACF0960018C0EB /* Main.storyboard */ = {
			isa = PBXVariantGroup;
			children = (
				749B724C21ACF0960018C0EB /* Base */,
			);
			name = Main.storyboard;
			sourceTree = "<group>";
		};
/* End PBXVariantGroup section */

/* Begin XCBuildConfiguration section */
		749B723621AC81690018C0EB /* Debug */ = {
			isa = XCBuildConfiguration;
			buildSettings = {
				ALWAYS_SEARCH_USER_PATHS = NO;
				CLANG_ANALYZER_NONNULL = YES;
				CLANG_ANALYZER_NUMBER_OBJECT_CONVERSION = YES_AGGRESSIVE;
				CLANG_CXX_LANGUAGE_STANDARD = "gnu++14";
				CLANG_CXX_LIBRARY = "libc++";
				CLANG_ENABLE_MODULES = YES;
				CLANG_ENABLE_OBJC_ARC = YES;
				CLANG_ENABLE_OBJC_WEAK = YES;
				CLANG_WARN_BLOCK_CAPTURE_AUTORELEASING = YES;
				CLANG_WARN_BOOL_CONVERSION = YES;
				CLANG_WARN_COMMA = YES;
				CLANG_WARN_CONSTANT_CONVERSION = YES;
				CLANG_WARN_DEPRECATED_OBJC_IMPLEMENTATIONS = YES;
				CLANG_WARN_DIRECT_OBJC_ISA_USAGE = YES_ERROR;
				CLANG_WARN_DOCUMENTATION_COMMENTS = YES;
				CLANG_WARN_EMPTY_BODY = YES;
				CLANG_WARN_ENUM_CONVERSION = YES;
				CLANG_WARN_INFINITE_RECURSION = YES;
				CLANG_WARN_INT_CONVERSION = YES;
				CLANG_WARN_NON_LITERAL_NULL_CONVERSION = YES;
				CLANG_WARN_OBJC_IMPLICIT_RETAIN_SELF = YES;
				CLANG_WARN_OBJC_LITERAL_CONVERSION = YES;
				CLANG_WARN_OBJC_ROOT_CLASS = YES_ERROR;
				CLANG_WARN_RANGE_LOOP_ANALYSIS = YES;
				CLANG_WARN_STRICT_PROTOTYPES = YES;
				CLANG_WARN_SUSPICIOUS_MOVE = YES;
				CLANG_WARN_UNGUARDED_AVAILABILITY = YES_AGGRESSIVE;
				CLANG_WARN_UNREACHABLE_CODE = YES;
				CLANG_WARN__DUPLICATE_METHOD_MATCH = YES;
				CODE_SIGN_IDENTITY = "iPhone Developer";
				COPY_PHASE_STRIP = NO;
				DEBUG_INFORMATION_FORMAT = dwarf;
				ENABLE_STRICT_OBJC_MSGSEND = YES;
				ENABLE_TESTABILITY = YES;
				GCC_C_LANGUAGE_STANDARD = gnu11;
				GCC_DYNAMIC_NO_PIC = NO;
				GCC_NO_COMMON_BLOCKS = YES;
				GCC_OPTIMIZATION_LEVEL = 0;
				GCC_PREPROCESSOR_DEFINITIONS = (
					"DEBUG=1",
					"$(inherited)",
				);
				GCC_WARN_64_TO_32_BIT_CONVERSION = YES;
				GCC_WARN_ABOUT_RETURN_TYPE = YES_ERROR;
				GCC_WARN_UNDECLARED_SELECTOR = YES;
				GCC_WARN_UNINITIALIZED_AUTOS = YES_AGGRESSIVE;
				GCC_WARN_UNUSED_FUNCTION = YES;
				GCC_WARN_UNUSED_VARIABLE = YES;
				IPHONEOS_DEPLOYMENT_TARGET = 12.0;
				MTL_ENABLE_DEBUG_INFO = INCLUDE_SOURCE;
				MTL_FAST_MATH = YES;
				ONLY_ACTIVE_ARCH = YES;
				SDKROOT = iphoneos;
				SWIFT_ACTIVE_COMPILATION_CONDITIONS = DEBUG;
				SWIFT_OPTIMIZATION_LEVEL = "-Onone";
			};
			name = Debug;
		};
		749B723721AC81690018C0EB /* Release */ = {
			isa = XCBuildConfiguration;
			buildSettings = {
				ALWAYS_SEARCH_USER_PATHS = NO;
				CLANG_ANALYZER_NONNULL = YES;
				CLANG_ANALYZER_NUMBER_OBJECT_CONVERSION = YES_AGGRESSIVE;
				CLANG_CXX_LANGUAGE_STANDARD = "gnu++14";
				CLANG_CXX_LIBRARY = "libc++";
				CLANG_ENABLE_MODULES = YES;
				CLANG_ENABLE_OBJC_ARC = YES;
				CLANG_ENABLE_OBJC_WEAK = YES;
				CLANG_WARN_BLOCK_CAPTURE_AUTORELEASING = YES;
				CLANG_WARN_BOOL_CONVERSION = YES;
				CLANG_WARN_COMMA = YES;
				CLANG_WARN_CONSTANT_CONVERSION = YES;
				CLANG_WARN_DEPRECATED_OBJC_IMPLEMENTATIONS = YES;
				CLANG_WARN_DIRECT_OBJC_ISA_USAGE = YES_ERROR;
				CLANG_WARN_DOCUMENTATION_COMMENTS = YES;
				CLANG_WARN_EMPTY_BODY = YES;
				CLANG_WARN_ENUM_CONVERSION = YES;
				CLANG_WARN_INFINITE_RECURSION = YES;
				CLANG_WARN_INT_CONVERSION = YES;
				CLANG_WARN_NON_LITERAL_NULL_CONVERSION = YES;
				CLANG_WARN_OBJC_IMPLICIT_RETAIN_SELF = YES;
				CLANG_WARN_OBJC_LITERAL_CONVERSION = YES;
				CLANG_WARN_OBJC_ROOT_CLASS = YES_ERROR;
				CLANG_WARN_RANGE_LOOP_ANALYSIS = YES;
				CLANG_WARN_STRICT_PROTOTYPES = YES;
				CLANG_WARN_SUSPICIOUS_MOVE = YES;
				CLANG_WARN_UNGUARDED_AVAILABILITY = YES_AGGRESSIVE;
				CLANG_WARN_UNREACHABLE_CODE = YES;
				CLANG_WARN__DUPLICATE_METHOD_MATCH = YES;
				CODE_SIGN_IDENTITY = "iPhone Developer";
				COPY_PHASE_STRIP = NO;
				DEBUG_INFORMATION_FORMAT = "dwarf-with-dsym";
				ENABLE_NS_ASSERTIONS = NO;
				ENABLE_STRICT_OBJC_MSGSEND = YES;
				GCC_C_LANGUAGE_STANDARD = gnu11;
				GCC_NO_COMMON_BLOCKS = YES;
				GCC_WARN_64_TO_32_BIT_CONVERSION = YES;
				GCC_WARN_ABOUT_RETURN_TYPE = YES_ERROR;
				GCC_WARN_UNDECLARED_SELECTOR = YES;
				GCC_WARN_UNINITIALIZED_AUTOS = YES_AGGRESSIVE;
				GCC_WARN_UNUSED_FUNCTION = YES;
				GCC_WARN_UNUSED_VARIABLE = YES;
				IPHONEOS_DEPLOYMENT_TARGET = 12.0;
				MTL_ENABLE_DEBUG_INFO = NO;
				MTL_FAST_MATH = YES;
				SDKROOT = iphoneos;
				SWIFT_COMPILATION_MODE = wholemodule;
				SWIFT_OPTIMIZATION_LEVEL = "-O";
				VALIDATE_PRODUCT = YES;
			};
			name = Release;
		};
		749B723921AC81690018C0EB /* Debug */ = {
			isa = XCBuildConfiguration;
			buildSettings = {
				ASSETCATALOG_COMPILER_APPICON_NAME = AppIcon;
				CODE_SIGN_STYLE = Automatic;
				DEVELOPMENT_TEAM = 497H3M9522;
				INFOPLIST_FILE = "$(SRCROOT)/DarkSkyWeather/Info.plist";
				IPHONEOS_DEPLOYMENT_TARGET = 12.0;
				LD_RUNPATH_SEARCH_PATHS = (
					"$(inherited)",
					"@executable_path/Frameworks",
				);
				PRODUCT_BUNDLE_IDENTIFIER = MZ.DarkSkyWeather;
				PRODUCT_NAME = "$(TARGET_NAME)";
				SWIFT_VERSION = 4.2;
				TARGETED_DEVICE_FAMILY = "1,2";
			};
			name = Debug;
		};
		749B723A21AC81690018C0EB /* Release */ = {
			isa = XCBuildConfiguration;
			buildSettings = {
				ASSETCATALOG_COMPILER_APPICON_NAME = AppIcon;
				CODE_SIGN_STYLE = Automatic;
				DEVELOPMENT_TEAM = 497H3M9522;
				INFOPLIST_FILE = "$(SRCROOT)/DarkSkyWeather/Info.plist";
				IPHONEOS_DEPLOYMENT_TARGET = 12.0;
				LD_RUNPATH_SEARCH_PATHS = (
					"$(inherited)",
					"@executable_path/Frameworks",
				);
				PRODUCT_BUNDLE_IDENTIFIER = MZ.DarkSkyWeather;
				PRODUCT_NAME = "$(TARGET_NAME)";
				SWIFT_VERSION = 4.2;
				TARGETED_DEVICE_FAMILY = "1,2";
			};
			name = Release;
		};
/* End XCBuildConfiguration section */

/* Begin XCConfigurationList section */
		749B721E21AC81650018C0EB /* Build configuration list for PBXProject "DarkSkyWeather" */ = {
			isa = XCConfigurationList;
			buildConfigurations = (
				749B723621AC81690018C0EB /* Debug */,
				749B723721AC81690018C0EB /* Release */,
			);
			defaultConfigurationIsVisible = 0;
			defaultConfigurationName = Release;
		};
		749B723821AC81690018C0EB /* Build configuration list for PBXNativeTarget "DarkSkyWeather" */ = {
			isa = XCConfigurationList;
			buildConfigurations = (
				749B723921AC81690018C0EB /* Debug */,
				749B723A21AC81690018C0EB /* Release */,
			);
			defaultConfigurationIsVisible = 0;
			defaultConfigurationName = Release;
		};
/* End XCConfigurationList section */
	};
	rootObject = 749B721B21AC81650018C0EB /* Project object */;
}
